github.com/go-sql-driver/mysql v1.6.0 h1:BCTh4TKNUYmOmMUcQ3IipzF5prigylS7XXjEkfCHuOE=
github.com/go-sql-driver/mysql v1.6.0/go.mod h1:DCzpHaOWr8IXmIStZouvnhqoel9Qv2LBy8hT2VhHyBg=
github.com/gopsql/db v1.1.0 h1:NWV/GmbTpxbMlZ/jJM9dezWHP78mx1YEpm75OEr7CL0=
github.com/gopsql/db v1.1.0/go.mod h1:plazrQDxoOfbv749q6AqZyR0wtPak19s4uw8J8pnMYA=
github.com/gopsql/standard v1.1.0 h1:ImXSfTbSLuLnF+kFfhgvgYJn7tpYWHT8gHk1RvDCplY=
github.com/gopsql/standard v1.1.0/go.mod h1:VEeP81KKDPXuhhN1KBnQ+f/e8wRnin0BHy1Pji6RAK0=
